
Microsoft Visual Studio Solution File, Format Version 12.00
# Visual Studio Version 17
VisualStudioVersion = 17.7.34024.191
MinimumVisualStudioVersion = 10.0.40219.1
Project("{FAE04EC0-301F-11D3-BF4B-00C04F79EFBC}") = "RateLimiting_Using_AspNetCoreRateLimitPackage", "RateLimiting_Using_AspNetCoreRateLimitPackage\RateLimiting_Using_AspNetCoreRateLimitPackage.csproj", "{C1324D10-EFD5-4AA0-AFB8-6A74E67C0F4E}"
EndProject
Global
	GlobalSection(SolutionConfigurationPlatforms) = preSolution
		Debug|Any CPU = Debug|Any CPU
		Release|Any CPU = Release|Any CPU
	EndGlobalSection
	GlobalSection(ProjectConfigurationPlatforms) = postSolution
		{C1324D10-EFD5-4AA0-AFB8-6A74E67C0F4E}.Debug|Any CPU.ActiveCfg = Debug|Any CPU
		{C1324D10-EFD5-4AA0-AFB8-6A74E67C0F4E}.Debug|Any CPU.Build.0 = Debug|Any CPU
		{C1324D10-EFD5-4AA0-AFB8-6A74E67C0F4E}.Release|Any CPU.ActiveCfg = Release|Any CPU
		{C1324D10-EFD5-4AA0-AFB8-6A74E67C0F4E}.Release|Any CPU.Build.0 = Release|Any CPU
	EndGlobalSection
	GlobalSection(SolutionProperties) = preSolution
		HideSolutionNode = FALSE
	EndGlobalSection
	GlobalSection(ExtensibilityGlobals) = postSolution
		SolutionGuid = {2D0BB77C-E561-4EEC-8920-6972BF2BB1F9}
	EndGlobalSection
EndGlobal
